
Microsoft Visual Studio Solution File, Format Version 12.00
# Visual Studio 14
VisualStudioVersion = 14.0.25420.1
MinimumVisualStudioVersion = 10.0.40219.1
Project("{FAE04EC0-301F-11D3-BF4B-00C04F79EFBC}") = "RouteLocalization.WebForms", "RouteLocalization.WebForms\RouteLocalization.WebForms.csproj", "{FEADC2F9-CC97-4F88-BCCC-80014473CD52}"
EndProject
Project("{FAE04EC0-301F-11D3-BF4B-00C04F79EFBC}") = "RouteLocalization.WebForms.Tests", "RouteLocalization.WebForms.Tests\RouteLocalization.WebForms.Tests.csproj", "{5B194588-1604-4B28-9A17-27CF9320E5A1}"
EndProject
Global
	GlobalSection(SolutionConfigurationPlatforms) = preSolution
		Debug|Any CPU = Debug|Any CPU
		Release|Any CPU = Release|Any CPU
	EndGlobalSection
	GlobalSection(ProjectConfigurationPlatforms) = postSolution
		{FEADC2F9-CC97-4F88-BCCC-80014473CD52}.Debug|Any CPU.ActiveCfg = Debug|Any CPU
		{FEADC2F9-CC97-4F88-BCCC-80014473CD52}.Debug|Any CPU.Build.0 = Debug|Any CPU
		{FEADC2F9-CC97-4F88-BCCC-80014473CD52}.Release|Any CPU.ActiveCfg = Release|Any CPU
		{FEADC2F9-CC97-4F88-BCCC-80014473CD52}.Release|Any CPU.Build.0 = Release|Any CPU
		{5B194588-1604-4B28-9A17-27CF9320E5A1}.Debug|Any CPU.ActiveCfg = Debug|Any CPU
		{5B194588-1604-4B28-9A17-27CF9320E5A1}.Debug|Any CPU.Build.0 = Debug|Any CPU
		{5B194588-1604-4B28-9A17-27CF9320E5A1}.Release|Any CPU.ActiveCfg = Release|Any CPU
		{5B194588-1604-4B28-9A17-27CF9320E5A1}.Release|Any CPU.Build.0 = Release|Any CPU
	EndGlobalSection
	GlobalSection(SolutionProperties) = preSolution
		HideSolutionNode = FALSE
	EndGlobalSection
EndGlobal
